
Microsoft Visual Studio Solution File, Format Version 12.00
# Visual Studio 15
VisualStudioVersion = 15.0.27703.2026
MinimumVisualStudioVersion = 10.0.40219.1
Project("{FAE04EC0-301F-11D3-BF4B-00C04F79EFBC}") = "WebApplication3", "WebApplication3\WebApplication3.csproj", "{257A026E-A386-44CF-97B4-BE3A616A392E}"
EndProject
Global
	GlobalSection(SolutionConfigurationPlatforms) = preSolution
		Debug|Any CPU = Debug|Any CPU
		Release|Any CPU = Release|Any CPU
	EndGlobalSection
	GlobalSection(ProjectConfigurationPlatforms) = postSolution
		{257A026E-A386-44CF-97B4-BE3A616A392E}.Debug|Any CPU.ActiveCfg = Debug|Any CPU
		{257A026E-A386-44CF-97B4-BE3A616A392E}.Debug|Any CPU.Build.0 = Debug|Any CPU
		{257A026E-A386-44CF-97B4-BE3A616A392E}.Release|Any CPU.ActiveCfg = Release|Any CPU
		{257A026E-A386-44CF-97B4-BE3A616A392E}.Release|Any CPU.Build.0 = Release|Any CPU
	EndGlobalSection
	GlobalSection(SolutionProperties) = preSolution
		HideSolutionNode = FALSE
	EndGlobalSection
	GlobalSection(ExtensibilityGlobals) = postSolution
		SolutionGuid = {33192B02-0D5B-448B-BC6F-1206A81BF528}
	EndGlobalSection
EndGlobal
